// !$*UTF8*$!
{
	archiveVersion = 1;
	classes = {
	};
	objectVersion = 46;
	objects = {

/* Begin PBXBuildFile section */
		7D2CF90C179CAC57000B35E8 /* UIKit.framework in Frameworks */ = {isa = PBXBuildFile; fileRef = 7D2CF90B179CAC57000B35E8 /* UIKit.framework */; };
		7D2CF90E179CAC57000B35E8 /* Foundation.framework in Frameworks */ = {isa = PBXBuildFile; fileRef = 7D2CF90D179CAC57000B35E8 /* Foundation.framework */; };
		7D2CF910179CAC57000B35E8 /* CoreGraphics.framework in Frameworks */ = {isa = PBXBuildFile; fileRef = 7D2CF90F179CAC57000B35E8 /* CoreGraphics.framework */; };
		7D2CF916179CAC57000B35E8 /* InfoPlist.strings in Resources */ = {isa = PBXBuildFile; fileRef = 7D2CF914179CAC57000B35E8 /* InfoPlist.strings */; };
		7D2CF918179CAC57000B35E8 /* main.m in Sources */ = {isa = PBXBuildFile; fileRef = 7D2CF917179CAC57000B35E8 /* main.m */; };
		7D2CF91C179CAC57000B35E8 /* AppDelegate.m in Sources */ = {isa = PBXBuildFile; fileRef = 7D2CF91B179CAC57000B35E8 /* AppDelegate.m */; };
		7D2CF91E179CAC57000B35E8 /* Default.png in Resources */ = {isa = PBXBuildFile; fileRef = 7D2CF91D179CAC57000B35E8 /* Default.png */; };
		7D2CF920179CAC57000B35E8 /* Default@2x.png in Resources */ = {isa = PBXBuildFile; fileRef = 7D2CF91F179CAC57000B35E8 /* Default@2x.png */; };
		7D2CF922179CAC57000B35E8 /* Default-568h@2x.png in Resources */ = {isa = PBXBuildFile; fileRef = 7D2CF921179CAC57000B35E8 /* Default-568h@2x.png */; };
		7D2CF925179CAC57000B35E8 /* MainStoryboard_iPhone.storyboard in Resources */ = {isa = PBXBuildFile; fileRef = 7D2CF923179CAC57000B35E8 /* MainStoryboard_iPhone.storyboard */; };
		7D2CF928179CAC57000B35E8 /* MainStoryboard_iPad.storyboard in Resources */ = {isa = PBXBuildFile; fileRef = 7D2CF926179CAC57000B35E8 /* MainStoryboard_iPad.storyboard */; };
		7D2CF92B179CAC57000B35E8 /* ViewController.m in Sources */ = {isa = PBXBuildFile; fileRef = 7D2CF92A179CAC57000B35E8 /* ViewController.m */; };
		7D2CF932179CB50E000B35E8 /* QuartzCore.framework in Frameworks */ = {isa = PBXBuildFile; fileRef = 7D2CF931179CB50E000B35E8 /* QuartzCore.framework */; };
		7D2CF934179CBBEA000B35E8 /* Estrellas.jpg in Resources */ = {isa = PBXBuildFile; fileRef = 7D2CF933179CBBEA000B35E8 /* Estrellas.jpg */; };
		7D2CF93A179CBF5F000B35E8 /* sol.png in Resources */ = {isa = PBXBuildFile; fileRef = 7D2CF939179CBF5F000B35E8 /* sol.png */; };
/* End PBXBuildFile section */

/* Begin PBXFileReference section */
		7D2CF908179CAC57000B35E8 /* AnimacionPlanetaria.app */ = {isa = PBXFileReference; explicitFileType = wrapper.application; includeInIndex = 0; path = AnimacionPlanetaria.app; sourceTree = BUILT_PRODUCTS_DIR; };
		7D2CF90B179CAC57000B35E8 /* UIKit.framework */ = {isa = PBXFileReference; lastKnownFileType = wrapper.framework; name = UIKit.framework; path = System/Library/Frameworks/UIKit.framework; sourceTree = SDKROOT; };
		7D2CF90D179CAC57000B35E8 /* Foundation.framework */ = {isa = PBXFileReference; lastKnownFileType = wrapper.framework; name = Foundation.framework; path = System/Library/Frameworks/Foundation.framework; sourceTree = SDKROOT; };
		7D2CF90F179CAC57000B35E8 /* CoreGraphics.framework */ = {isa = PBXFileReference; lastKnownFileType = wrapper.framework; name = CoreGraphics.framework; path = System/Library/Frameworks/CoreGraphics.framework; sourceTree = SDKROOT; };
		7D2CF913179CAC57000B35E8 /* AnimacionPlanetaria-Info.plist */ = {isa = PBXFileReference; lastKnownFileType = text.plist.xml; path = "AnimacionPlanetaria-Info.plist"; sourceTree = "<group>"; };
		7D2CF915179CAC57000B35E8 /* en */ = {isa = PBXFileReference; lastKnownFileType = text.plist.strings; name = en; path = en.lproj/InfoPlist.strings; sourceTree = "<group>"; };
		7D2CF917179CAC57000B35E8 /* main.m */ = {isa = PBXFileReference; lastKnownFileType = sourcecode.c.objc; path = main.m; sourceTree = "<group>"; };
		7D2CF919179CAC57000B35E8 /* AnimacionPlanetaria-Prefix.pch */ = {isa = PBXFileReference; lastKnownFileType = sourcecode.c.h; path = "AnimacionPlanetaria-Prefix.pch"; sourceTree = "<group>"; };
		7D2CF91A179CAC57000B35E8 /* AppDelegate.h */ = {isa = PBXFileReference; lastKnownFileType = sourcecode.c.h; path = AppDelegate.h; sourceTree = "<group>"; };
		7D2CF91B179CAC57000B35E8 /* AppDelegate.m */ = {isa = PBXFileReference; lastKnownFileType = sourcecode.c.objc; path = AppDelegate.m; sourceTree = "<group>"; };
		7D2CF91D179CAC57000B35E8 /* Default.png */ = {isa = PBXFileReference; lastKnownFileType = image.png; path = Default.png; sourceTree = "<group>"; };
		7D2CF91F179CAC57000B35E8 /* Default@2x.png */ = {isa = PBXFileReference; lastKnownFileType = image.png; path = "Default@2x.png"; sourceTree = "<group>"; };
		7D2CF921179CAC57000B35E8 /* Default-568h@2x.png */ = {isa = PBXFileReference; lastKnownFileType = image.png; path = "Default-568h@2x.png"; sourceTree = "<group>"; };
		7D2CF924179CAC57000B35E8 /* en */ = {isa = PBXFileReference; lastKnownFileType = file.storyboard; name = en; path = en.lproj/MainStoryboard_iPhone.storyboard; sourceTree = "<group>"; };
		7D2CF927179CAC57000B35E8 /* en */ = {isa = PBXFileReference; lastKnownFileType = file.storyboard; name = en; path = en.lproj/MainStoryboard_iPad.storyboard; sourceTree = "<group>"; };
		7D2CF929179CAC57000B35E8 /* ViewController.h */ = {isa = PBXFileReference; lastKnownFileType = sourcecode.c.h; path = ViewController.h; sourceTree = "<group>"; };
		7D2CF92A179CAC57000B35E8 /* ViewController.m */ = {isa = PBXFileReference; lastKnownFileType = sourcecode.c.objc; path = ViewController.m; sourceTree = "<group>"; };
		7D2CF931179CB50E000B35E8 /* QuartzCore.framework */ = {isa = PBXFileReference; lastKnownFileType = wrapper.framework; name = QuartzCore.framework; path = System/Library/Frameworks/QuartzCore.framework; sourceTree = SDKROOT; };
		7D2CF933179CBBEA000B35E8 /* Estrellas.jpg */ = {isa = PBXFileReference; lastKnownFileType = image.jpeg; path = Estrellas.jpg; sourceTree = "<group>"; };
		7D2CF939179CBF5F000B35E8 /* sol.png */ = {isa = PBXFileReference; lastKnownFileType = image.png; path = sol.png; sourceTree = "<group>"; };
/* End PBXFileReference section */

/* Begin PBXFrameworksBuildPhase section */
		7D2CF905179CAC57000B35E8 /* Frameworks */ = {
			isa = PBXFrameworksBuildPhase;
			buildActionMask = 2147483647;
			files = (
				7D2CF932179CB50E000B35E8 /* QuartzCore.framework in Frameworks */,
				7D2CF90C179CAC57000B35E8 /* UIKit.framework in Frameworks */,
				7D2CF90E179CAC57000B35E8 /* Foundation.framework in Frameworks */,
				7D2CF910179CAC57000B35E8 /* CoreGraphics.framework in Frameworks */,
			);
			runOnlyForDeploymentPostprocessing = 0;
		};
/* End PBXFrameworksBuildPhase section */

/* Begin PBXGroup section */
		7D2CF8FF179CAC57000B35E8 = {
			isa = PBXGroup;
			children = (
				7D2CF939179CBF5F000B35E8 /* sol.png */,
				7D2CF933179CBBEA000B35E8 /* Estrellas.jpg */,
				7D2CF931179CB50E000B35E8 /* QuartzCore.framework */,
				7D2CF911179CAC57000B35E8 /* AnimacionPlanetaria */,
				7D2CF90A179CAC57000B35E8 /* Frameworks */,
				7D2CF909179CAC57000B35E8 /* Products */,
			);
			sourceTree = "<group>";
			wrapsLines = 1;
		};
		7D2CF909179CAC57000B35E8 /* Products */ = {
			isa = PBXGroup;
			children = (
				7D2CF908179CAC57000B35E8 /* AnimacionPlanetaria.app */,
			);
			name = Products;
			sourceTree = "<group>";
		};
		7D2CF90A179CAC57000B35E8 /* Frameworks */ = {
			isa = PBXGroup;
			children = (
				7D2CF90B179CAC57000B35E8 /* UIKit.framework */,
				7D2CF90D179CAC57000B35E8 /* Foundation.framework */,
				7D2CF90F179CAC57000B35E8 /* CoreGraphics.framework */,
			);
			name = Frameworks;
			sourceTree = "<group>";
		};
		7D2CF911179CAC57000B35E8 /* AnimacionPlanetaria */ = {
			isa = PBXGroup;
			children = (
				7D2CF91A179CAC57000B35E8 /* AppDelegate.h */,
				7D2CF91B179CAC57000B35E8 /* AppDelegate.m */,
				7D2CF923179CAC57000B35E8 /* MainStoryboard_iPhone.storyboard */,
				7D2CF926179CAC57000B35E8 /* MainStoryboard_iPad.storyboard */,
				7D2CF929179CAC57000B35E8 /* ViewController.h */,
				7D2CF92A179CAC57000B35E8 /* ViewController.m */,
				7D2CF912179CAC57000B35E8 /* Supporting Files */,
			);
			path = AnimacionPlanetaria;
			sourceTree = "<group>";
		};
		7D2CF912179CAC57000B35E8 /* Supporting Files */ = {
			isa = PBXGroup;
			children = (
				7D2CF913179CAC57000B35E8 /* AnimacionPlanetaria-Info.plist */,
				7D2CF914179CAC57000B35E8 /* InfoPlist.strings */,
				7D2CF917179CAC57000B35E8 /* main.m */,
				7D2CF919179CAC57000B35E8 /* AnimacionPlanetaria-Prefix.pch */,
				7D2CF91D179CAC57000B35E8 /* Default.png */,
				7D2CF91F179CAC57000B35E8 /* Default@2x.png */,
				7D2CF921179CAC57000B35E8 /* Default-568h@2x.png */,
			);
			name = "Supporting Files";
			sourceTree = "<group>";
		};
/* End PBXGroup section */

/* Begin PBXNativeTarget section */
		7D2CF907179CAC57000B35E8 /* AnimacionPlanetaria */ = {
			isa = PBXNativeTarget;
			buildConfigurationList = 7D2CF92E179CAC57000B35E8 /* Build configuration list for PBXNativeTarget "AnimacionPlanetaria" */;
			buildPhases = (
				7D2CF904179CAC57000B35E8 /* Sources */,
				7D2CF905179CAC57000B35E8 /* Frameworks */,
				7D2CF906179CAC57000B35E8 /* Resources */,
			);
			buildRules = (
			);
			dependencies = (
			);
			name = AnimacionPlanetaria;
			productName = AnimacionPlanetaria;
			productReference = 7D2CF908179CAC57000B35E8 /* AnimacionPlanetaria.app */;
			productType = "com.apple.product-type.application";
		};
/* End PBXNativeTarget section */

/* Begin PBXProject section */
		7D2CF900179CAC57000B35E8 /* Project object */ = {
			isa = PBXProject;
			attributes = {
				LastUpgradeCheck = 0460;
				ORGANIZATIONNAME = Berganza;
			};
			buildConfigurationList = 7D2CF903179CAC57000B35E8 /* Build configuration list for PBXProject "AnimacionPlanetaria" */;
			compatibilityVersion = "Xcode 3.2";
			developmentRegion = English;
			hasScannedForEncodings = 0;
			knownRegions = (
				en,
			);
			mainGroup = 7D2CF8FF179CAC57000B35E8;
			productRefGroup = 7D2CF909179CAC57000B35E8 /* Products */;
			projectDirPath = "";
			projectRoot = "";
			targets = (
				7D2CF907179CAC57000B35E8 /* AnimacionPlanetaria */,
			);
		};
/* End PBXProject section */

/* Begin PBXResourcesBuildPhase section */
		7D2CF906179CAC57000B35E8 /* Resources */ = {
			isa = PBXResourcesBuildPhase;
			buildActionMask = 2147483647;
			files = (
				7D2CF916179CAC57000B35E8 /* InfoPlist.strings in Resources */,
				7D2CF91E179CAC57000B35E8 /* Default.png in Resources */,
				7D2CF920179CAC57000B35E8 /* Default@2x.png in Resources */,
				7D2CF922179CAC57000B35E8 /* Default-568h@2x.png in Resources */,
				7D2CF925179CAC57000B35E8 /* MainStoryboard_iPhone.storyboard in Resources */,
				7D2CF928179CAC57000B35E8 /* MainStoryboard_iPad.storyboard in Resources */,
				7D2CF934179CBBEA000B35E8 /* Estrellas.jpg in Resources */,
				7D2CF93A179CBF5F000B35E8 /* sol.png in Resources */,
			);
			runOnlyForDeploymentPostprocessing = 0;
		};
/* End PBXResourcesBuildPhase section */

/* Begin PBXSourcesBuildPhase section */
		7D2CF904179CAC57000B35E8 /* Sources */ = {
			isa = PBXSourcesBuildPhase;
			buildActionMask = 2147483647;
			files = (
				7D2CF918179CAC57000B35E8 /* main.m in Sources */,
				7D2CF91C179CAC57000B35E8 /* AppDelegate.m in Sources */,
				7D2CF92B179CAC57000B35E8 /* ViewController.m in Sources */,
			);
			runOnlyForDeploymentPostprocessing = 0;
		};
/* End PBXSourcesBuildPhase section */

/* Begin PBXVariantGroup section */
		7D2CF914179CAC57000B35E8 /* InfoPlist.strings */ = {
			isa = PBXVariantGroup;
			children = (
				7D2CF915179CAC57000B35E8 /* en */,
			);
			name = InfoPlist.strings;
			sourceTree = "<group>";
		};
		7D2CF923179CAC57000B35E8 /* MainStoryboard_iPhone.storyboard */ = {
			isa = PBXVariantGroup;
			children = (
				7D2CF924179CAC57000B35E8 /* en */,
			);
			name = MainStoryboard_iPhone.storyboard;
			sourceTree = "<group>";
		};
		7D2CF926179CAC57000B35E8 /* MainStoryboard_iPad.storyboard */ = {
			isa = PBXVariantGroup;
			children = (
				7D2CF927179CAC57000B35E8 /* en */,
			);
			name = MainStoryboard_iPad.storyboard;
			sourceTree = "<group>";
		};
/* End PBXVariantGroup section */

/* Begin XCBuildConfiguration section */
		7D2CF92C179CAC57000B35E8 /* Debug */ = {
			isa = XCBuildConfiguration;
			buildSettings = {
				ALWAYS_SEARCH_USER_PATHS = NO;
				CLANG_CXX_LANGUAGE_STANDARD = "gnu++0x";
				CLANG_CXX_LIBRARY = "libc++";
				CLANG_ENABLE_OBJC_ARC = YES;
				CLANG_WARN_CONSTANT_CONVERSION = YES;
				CLANG_WARN_EMPTY_BODY = YES;
				CLANG_WARN_ENUM_CONVERSION = YES;
				CLANG_WARN_INT_CONVERSION = YES;
				CLANG_WARN__DUPLICATE_METHOD_MATCH = YES;
				"CODE_SIGN_IDENTITY[sdk=iphoneos*]" = "iPhone Developer";
				COPY_PHASE_STRIP = NO;
				GCC_C_LANGUAGE_STANDARD = gnu99;
				GCC_DYNAMIC_NO_PIC = NO;
				GCC_OPTIMIZATION_LEVEL = 0;
				GCC_PREPROCESSOR_DEFINITIONS = (
					"DEBUG=1",
					"$(inherited)",
				);
				GCC_SYMBOLS_PRIVATE_EXTERN = NO;
				GCC_WARN_ABOUT_RETURN_TYPE = YES;
				GCC_WARN_UNINITIALIZED_AUTOS = YES;
				GCC_WARN_UNUSED_VARIABLE = YES;
				IPHONEOS_DEPLOYMENT_TARGET = 6.1;
				ONLY_ACTIVE_ARCH = YES;
				SDKROOT = iphoneos;
				TARGETED_DEVICE_FAMILY = "1,2";
			};
			name = Debug;
		};
		7D2CF92D179CAC57000B35E8 /* Release */ = {
			isa = XCBuildConfiguration;
			buildSettings = {
				ALWAYS_SEARCH_USER_PATHS = NO;
				CLANG_CXX_LANGUAGE_STANDARD = "gnu++0x";
				CLANG_CXX_LIBRARY = "libc++";
				CLANG_ENABLE_OBJC_ARC = YES;
				CLANG_WARN_CONSTANT_CONVERSION = YES;
				CLANG_WARN_EMPTY_BODY = YES;
				CLANG_WARN_ENUM_CONVERSION = YES;
				CLANG_WARN_INT_CONVERSION = YES;
				CLANG_WARN__DUPLICATE_METHOD_MATCH = YES;
				"CODE_SIGN_IDENTITY[sdk=iphoneos*]" = "iPhone Developer";
				COPY_PHASE_STRIP = YES;
				GCC_C_LANGUAGE_STANDARD = gnu99;
				GCC_WARN_ABOUT_RETURN_TYPE = YES;
				GCC_WARN_UNINITIALIZED_AUTOS = YES;
				GCC_WARN_UNUSED_VARIABLE = YES;
				IPHONEOS_DEPLOYMENT_TARGET = 6.1;
				OTHER_CFLAGS = "-DNS_BLOCK_ASSERTIONS=1";
				SDKROOT = iphoneos;
				TARGETED_DEVICE_FAMILY = "1,2";
				VALIDATE_PRODUCT = YES;
			};
			name = Release;
		};
		7D2CF92F179CAC57000B35E8 /* Debug */ = {
			isa = XCBuildConfiguration;
			buildSettings = {
				GCC_PRECOMPILE_PREFIX_HEADER = YES;
				GCC_PREFIX_HEADER = "AnimacionPlanetaria/AnimacionPlanetaria-Prefix.pch";
				INFOPLIST_FILE = "AnimacionPlanetaria/AnimacionPlanetaria-Info.plist";
				PRODUCT_NAME = "$(TARGET_NAME)";
				WRAPPER_EXTENSION = app;
			};
			name = Debug;
		};
		7D2CF930179CAC57000B35E8 /* Release */ = {
			isa = XCBuildConfiguration;
			buildSettings = {
				GCC_PRECOMPILE_PREFIX_HEADER = YES;
				GCC_PREFIX_HEADER = "AnimacionPlanetaria/AnimacionPlanetaria-Prefix.pch";
				INFOPLIST_FILE = "AnimacionPlanetaria/AnimacionPlanetaria-Info.plist";
				PRODUCT_NAME = "$(TARGET_NAME)";
				WRAPPER_EXTENSION = app;
			};
			name = Release;
		};
/* End XCBuildConfiguration section */

/* Begin XCConfigurationList section */
		7D2CF903179CAC57000B35E8 /* Build configuration list for PBXProject "AnimacionPlanetaria" */ = {
			isa = XCConfigurationList;
			buildConfigurations = (
				7D2CF92C179CAC57000B35E8 /* Debug */,
				7D2CF92D179CAC57000B35E8 /* Release */,
			);
			defaultConfigurationIsVisible = 0;
			defaultConfigurationName = Release;
		};
		7D2CF92E179CAC57000B35E8 /* Build configuration list for PBXNativeTarget "AnimacionPlanetaria" */ = {
			isa = XCConfigurationList;
			buildConfigurations = (
				7D2CF92F179CAC57000B35E8 /* Debug */,
				7D2CF930179CAC57000B35E8 /* Release */,
			);
			defaultConfigurationIsVisible = 0;
		};
/* End XCConfigurationList section */
	};
	rootObject = 7D2CF900179CAC57000B35E8 /* Project object */;
}
